// !$*UTF8*$!
{
	archiveVersion = 1;
	classes = {
	};
	objectVersion = 46;
	objects = {

/* Begin PBXBuildFile section */
		8D1AC9700486D14A00FE50C9 /* Cocoa.framework in Frameworks */ = {isa = PBXBuildFile; fileRef = DD92D38A0106425D02CA0E72 /* Cocoa.framework */; };
		D404BE081472C83200B570AF /* ScriptingBridge.framework in Frameworks */ = {isa = PBXBuildFile; fileRef = D404BE071472C83200B570AF /* ScriptingBridge.framework */; settings = {ATTRIBUTES = (Required, ); }; };
		D41DBC4F1520C11600AB06B1 /* EqualizerIcon.png in Resources */ = {isa = PBXBuildFile; fileRef = D41DBC4E1520C11600AB06B1 /* EqualizerIcon.png */; };
		D4239676148564800072DE1F /* QSiTunesPrefPane.xib in Resources */ = {isa = PBXBuildFile; fileRef = D4239675148564800072DE1F /* QSiTunesPrefPane.xib */; };
		D43DDF4F1472E35D00EB2E9D /* iTunes.app in Resources */ = {isa = PBXBuildFile; fileRef = D43DDF4E1472E35D00EB2E9D /* iTunes.app */; };
		D43DDF551472E60600EB2E9D /* iTunes.app in Sources */ = {isa = PBXBuildFile; fileRef = D43DDF4E1472E35D00EB2E9D /* iTunes.app */; };
		D4CE66871489618C009D2494 /* iTunesStop.icns in Resources */ = {isa = PBXBuildFile; fileRef = D4CE66811489618C009D2494 /* iTunesStop.icns */; };
		D4CE66881489618C009D2494 /* iTunesPrevious.icns in Resources */ = {isa = PBXBuildFile; fileRef = D4CE66821489618C009D2494 /* iTunesPrevious.icns */; };
		D4CE66891489618C009D2494 /* iTunesPlay-Pause.icns in Resources */ = {isa = PBXBuildFile; fileRef = D4CE66831489618C009D2494 /* iTunesPlay-Pause.icns */; };
		D4CE668A1489618C009D2494 /* iTunesPlay.icns in Resources */ = {isa = PBXBuildFile; fileRef = D4CE66841489618C009D2494 /* iTunesPlay.icns */; };
		D4CE668B1489618C009D2494 /* iTunesPause.icns in Resources */ = {isa = PBXBuildFile; fileRef = D4CE66851489618C009D2494 /* iTunesPause.icns */; };
		D4CE668C1489618C009D2494 /* iTunesNext.icns in Resources */ = {isa = PBXBuildFile; fileRef = D4CE66861489618C009D2494 /* iTunesNext.icns */; };
		E128E0EB070348F100B34075 /* QSPreset.name.strings in Resources */ = {isa = PBXBuildFile; fileRef = E1DAFADF07007BA400FAFE2A /* QSPreset.name.strings */; };
		E1B9F7E907A2B18600B4017B /* QSiTunesDatabase.h in Resources */ = {isa = PBXBuildFile; fileRef = E1B9F7E707A2B18600B4017B /* QSiTunesDatabase.h */; };
		E1B9F7EA07A2B18600B4017B /* QSiTunesDatabase.m in Sources */ = {isa = PBXBuildFile; fileRef = E1B9F7E807A2B18600B4017B /* QSiTunesDatabase.m */; };
		E1B9F7EF07A2B21A00B4017B /* QSiTunesActionProvider.h in Resources */ = {isa = PBXBuildFile; fileRef = E1B9F7ED07A2B21A00B4017B /* QSiTunesActionProvider.h */; };
		E1B9F7F007A2B21A00B4017B /* QSiTunesActionProvider.m in Sources */ = {isa = PBXBuildFile; fileRef = E1B9F7EE07A2B21A00B4017B /* QSiTunesActionProvider.m */; };
		E1B9FA1107A2C76300B4017B /* QSiTunesBridge.h in Resources */ = {isa = PBXBuildFile; fileRef = E1B9FA0F07A2C76300B4017B /* QSiTunesBridge.h */; };
		E1B9FA1207A2C76300B4017B /* QSiTunesBridge.m in Sources */ = {isa = PBXBuildFile; fileRef = E1B9FA1007A2C76300B4017B /* QSiTunesBridge.m */; };
		E1DAFAF707007BA400FAFE2A /* QSiTunesPrefPane.m in Sources */ = {isa = PBXBuildFile; fileRef = E1DAFAD507007BA400FAFE2A /* QSiTunesPrefPane.m */; };
		E1DAFAF907007BA400FAFE2A /* QSiTunesSource.m in Sources */ = {isa = PBXBuildFile; fileRef = E1DAFAD707007BA400FAFE2A /* QSiTunesSource.m */; };
		E1DAFAFA07007BA400FAFE2A /* QSAction.commandFormats.strings in Resources */ = {isa = PBXBuildFile; fileRef = E1DAFAD907007BA400FAFE2A /* QSAction.commandFormats.strings */; };
		E1DAFAFB07007BA400FAFE2A /* QSAction.name.strings in Resources */ = {isa = PBXBuildFile; fileRef = E1DAFADB07007BA400FAFE2A /* QSAction.name.strings */; };
		E1DAFAFC07007BA500FAFE2A /* Localizable.strings in Resources */ = {isa = PBXBuildFile; fileRef = E1DAFADD07007BA400FAFE2A /* Localizable.strings */; };
		E1DAFB0007007BA500FAFE2A /* iTunes.scpt in Resources */ = {isa = PBXBuildFile; fileRef = E1DAFAE407007BA400FAFE2A /* iTunes.scpt */; };
		E1DAFB0107007BA500FAFE2A /* iTunesAlbumBrowserIcon.png in Resources */ = {isa = PBXBuildFile; fileRef = E1DAFAE507007BA400FAFE2A /* iTunesAlbumBrowserIcon.png */; };
		E1DAFB0207007BA500FAFE2A /* iTunesArtistBrowserIcon.png in Resources */ = {isa = PBXBuildFile; fileRef = E1DAFAE607007BA400FAFE2A /* iTunesArtistBrowserIcon.png */; };
		E1DAFB0307007BA500FAFE2A /* iTunesComposerBrowserIcon.png in Resources */ = {isa = PBXBuildFile; fileRef = E1DAFAE707007BA400FAFE2A /* iTunesComposerBrowserIcon.png */; };
		E1DAFB0407007BA500FAFE2A /* iTunesGenreBrowserIcon.png in Resources */ = {isa = PBXBuildFile; fileRef = E1DAFAE807007BA400FAFE2A /* iTunesGenreBrowserIcon.png */; };
		E1DAFB0507007BA500FAFE2A /* iTunesLibraryPlaylistIcon.icns in Resources */ = {isa = PBXBuildFile; fileRef = E1DAFAE907007BA400FAFE2A /* iTunesLibraryPlaylistIcon.icns */; };
		E1DAFB0707007BA500FAFE2A /* iTunesPartyShufflePlaylistIcon.icns in Resources */ = {isa = PBXBuildFile; fileRef = E1DAFAEB07007BA400FAFE2A /* iTunesPartyShufflePlaylistIcon.icns */; };
		E1DAFB0807007BA500FAFE2A /* iTunesPlaylistIcon.icns in Resources */ = {isa = PBXBuildFile; fileRef = E1DAFAEC07007BA400FAFE2A /* iTunesPlaylistIcon.icns */; };
		E1DAFB0907007BA500FAFE2A /* iTunesPurchasedMusicPlaylistIcon.icns in Resources */ = {isa = PBXBuildFile; fileRef = E1DAFAED07007BA400FAFE2A /* iTunesPurchasedMusicPlaylistIcon.icns */; };
		E1DAFB0A07007BA500FAFE2A /* iTunesQuicksilverPlaylistIcon.icns in Resources */ = {isa = PBXBuildFile; fileRef = E1DAFAEE07007BA400FAFE2A /* iTunesQuicksilverPlaylistIcon.icns */; };
		E1DAFB0B07007BA500FAFE2A /* iTunesSmartPlaylistIcon.icns in Resources */ = {isa = PBXBuildFile; fileRef = E1DAFAEF07007BA400FAFE2A /* iTunesSmartPlaylistIcon.icns */; };
		E1DAFB2B07007CEA00FAFE2A /* Carbon.framework in Frameworks */ = {isa = PBXBuildFile; fileRef = E1DAFB2A07007CEA00FAFE2A /* Carbon.framework */; };
		E1DAFBC307007D0300FAFE2A /* PreferencePanes.framework in Frameworks */ = {isa = PBXBuildFile; fileRef = E1DAFBC207007D0300FAFE2A /* PreferencePanes.framework */; };
/* End PBXBuildFile section */

/* Begin PBXBuildRule section */
		D404BE091472C87F00B570AF /* PBXBuildRule */ = {
			isa = PBXBuildRule;
			compilerSpec = com.apple.compilers.proxy.script;
			filePatterns = "*.app";
			fileType = pattern.proxy;
			isEditable = 1;
			outputFiles = (
				"$(DERIVED_FILES_DIR)/$(INPUT_FILE_BASE).h",
			);
			script = "sdef \"$INPUT_FILE_PATH\" | sdp -fh -o \"$DERIVED_FILES_DIR\" --basename \"$INPUT_FILE_BASE\" --bundleid `defaults read \"$INPUT_FILE_PATH/Contents/Info\" CFBundleIdentifier`";
		};
/* End PBXBuildRule section */

/* Begin PBXFileReference section */
		7F350DD40D15E8D800B2B814 /* Common.xcconfig */ = {isa = PBXFileReference; fileEncoding = 4; lastKnownFileType = text.xcconfig; name = Common.xcconfig; path = Configuration/Common.xcconfig; sourceTree = QS_SOURCE_ROOT; };
		7F350DD50D15E8D800B2B814 /* Debug.xcconfig */ = {isa = PBXFileReference; fileEncoding = 4; lastKnownFileType = text.xcconfig; name = Debug.xcconfig; path = Configuration/Debug.xcconfig; sourceTree = QS_SOURCE_ROOT; };
		7F350DD60D15E8D800B2B814 /* Developer.xcconfig */ = {isa = PBXFileReference; fileEncoding = 4; lastKnownFileType = text.xcconfig; name = Developer.xcconfig; path = Configuration/Developer.xcconfig; sourceTree = QS_SOURCE_ROOT; };
		7F350DDB0D15E8D800B2B814 /* QSPlugIn.xcconfig */ = {isa = PBXFileReference; fileEncoding = 4; lastKnownFileType = text.xcconfig; name = QSPlugIn.xcconfig; path = Configuration/QSPlugIn.xcconfig; sourceTree = QS_SOURCE_ROOT; };
		7F350DDF0D15E8D800B2B814 /* Release.xcconfig */ = {isa = PBXFileReference; fileEncoding = 4; lastKnownFileType = text.xcconfig; name = Release.xcconfig; path = Configuration/Release.xcconfig; sourceTree = QS_SOURCE_ROOT; };
		7FA20E780C6E4F0F00630971 /* QSiTunesDefines.h */ = {isa = PBXFileReference; fileEncoding = 4; lastKnownFileType = sourcecode.c.h; path = QSiTunesDefines.h; sourceTree = "<group>"; };
		8D1AC9740486D14A00FE50C9 /* iTunes Module.qsplugin */ = {isa = PBXFileReference; explicitFileType = wrapper.cfbundle; includeInIndex = 0; path = "iTunes Module.qsplugin"; sourceTree = BUILT_PRODUCTS_DIR; };
		D404BE071472C83200B570AF /* ScriptingBridge.framework */ = {isa = PBXFileReference; lastKnownFileType = wrapper.framework; name = ScriptingBridge.framework; path = System/Library/Frameworks/ScriptingBridge.framework; sourceTree = SDKROOT; };
		D41DBC4E1520C11600AB06B1 /* EqualizerIcon.png */ = {isa = PBXFileReference; lastKnownFileType = image.png; path = EqualizerIcon.png; sourceTree = "<group>"; };
		D4239675148564800072DE1F /* QSiTunesPrefPane.xib */ = {isa = PBXFileReference; fileEncoding = 4; lastKnownFileType = file.xib; path = QSiTunesPrefPane.xib; sourceTree = "<group>"; };
		D43DDF4E1472E35D00EB2E9D /* iTunes.app */ = {isa = PBXFileReference; lastKnownFileType = wrapper.application; name = iTunes.app; path = /Applications/iTunes.app; sourceTree = "<absolute>"; };
		D4CE66811489618C009D2494 /* iTunesStop.icns */ = {isa = PBXFileReference; lastKnownFileType = image.icns; path = iTunesStop.icns; sourceTree = "<group>"; };
		D4CE66821489618C009D2494 /* iTunesPrevious.icns */ = {isa = PBXFileReference; lastKnownFileType = image.icns; path = iTunesPrevious.icns; sourceTree = "<group>"; };
		D4CE66831489618C009D2494 /* iTunesPlay-Pause.icns */ = {isa = PBXFileReference; lastKnownFileType = image.icns; path = "iTunesPlay-Pause.icns"; sourceTree = "<group>"; };
		D4CE66841489618C009D2494 /* iTunesPlay.icns */ = {isa = PBXFileReference; lastKnownFileType = image.icns; path = iTunesPlay.icns; sourceTree = "<group>"; };
		D4CE66851489618C009D2494 /* iTunesPause.icns */ = {isa = PBXFileReference; lastKnownFileType = image.icns; path = iTunesPause.icns; sourceTree = "<group>"; };
		D4CE66861489618C009D2494 /* iTunesNext.icns */ = {isa = PBXFileReference; lastKnownFileType = image.icns; path = iTunesNext.icns; sourceTree = "<group>"; };
		DD92D38A0106425D02CA0E72 /* Cocoa.framework */ = {isa = PBXFileReference; lastKnownFileType = wrapper.framework; name = Cocoa.framework; path = /System/Library/Frameworks/Cocoa.framework; sourceTree = "<absolute>"; };
		E1B9F7E707A2B18600B4017B /* QSiTunesDatabase.h */ = {isa = PBXFileReference; fileEncoding = 4; lastKnownFileType = sourcecode.c.h; path = QSiTunesDatabase.h; sourceTree = "<group>"; };
		E1B9F7E807A2B18600B4017B /* QSiTunesDatabase.m */ = {isa = PBXFileReference; fileEncoding = 4; lastKnownFileType = sourcecode.c.objc; path = QSiTunesDatabase.m; sourceTree = "<group>"; };
		E1B9F7ED07A2B21A00B4017B /* QSiTunesActionProvider.h */ = {isa = PBXFileReference; fileEncoding = 4; lastKnownFileType = sourcecode.c.h; path = QSiTunesActionProvider.h; sourceTree = "<group>"; };
		E1B9F7EE07A2B21A00B4017B /* QSiTunesActionProvider.m */ = {isa = PBXFileReference; fileEncoding = 4; lastKnownFileType = sourcecode.c.objc; path = QSiTunesActionProvider.m; sourceTree = "<group>"; };
		E1B9FA0F07A2C76300B4017B /* QSiTunesBridge.h */ = {isa = PBXFileReference; fileEncoding = 4; lastKnownFileType = sourcecode.c.h; path = QSiTunesBridge.h; sourceTree = "<group>"; };
		E1B9FA1007A2C76300B4017B /* QSiTunesBridge.m */ = {isa = PBXFileReference; fileEncoding = 4; lastKnownFileType = sourcecode.c.objc; path = QSiTunesBridge.m; sourceTree = "<group>"; };
		E1DAFAD407007BA400FAFE2A /* QSiTunesPrefPane.h */ = {isa = PBXFileReference; fileEncoding = 30; lastKnownFileType = sourcecode.c.h; path = QSiTunesPrefPane.h; sourceTree = "<group>"; };
		E1DAFAD507007BA400FAFE2A /* QSiTunesPrefPane.m */ = {isa = PBXFileReference; fileEncoding = 30; lastKnownFileType = sourcecode.c.objc; path = QSiTunesPrefPane.m; sourceTree = "<group>"; };
		E1DAFAD607007BA400FAFE2A /* QSiTunesSource.h */ = {isa = PBXFileReference; fileEncoding = 30; lastKnownFileType = sourcecode.c.h; path = QSiTunesSource.h; sourceTree = "<group>"; };
		E1DAFAD707007BA400FAFE2A /* QSiTunesSource.m */ = {isa = PBXFileReference; fileEncoding = 30; lastKnownFileType = sourcecode.c.objc; path = QSiTunesSource.m; sourceTree = "<group>"; };
		E1DAFADA07007BA400FAFE2A /* English */ = {isa = PBXFileReference; fileEncoding = 4; lastKnownFileType = text.plist.strings; name = English; path = QSAction.commandFormats.strings; sourceTree = "<group>"; };
		E1DAFADC07007BA400FAFE2A /* English */ = {isa = PBXFileReference; fileEncoding = 4; lastKnownFileType = text.plist.strings; name = English; path = QSAction.name.strings; sourceTree = "<group>"; };
		E1DAFADE07007BA400FAFE2A /* English */ = {isa = PBXFileReference; fileEncoding = 4; lastKnownFileType = text.plist.strings; name = English; path = Localizable.strings; sourceTree = "<group>"; };
		E1DAFAE007007BA400FAFE2A /* English */ = {isa = PBXFileReference; fileEncoding = 4; lastKnownFileType = text.plist.strings; name = English; path = QSPreset.name.strings; sourceTree = "<group>"; };
		E1DAFAE107007BA400FAFE2A /* Info.plist */ = {isa = PBXFileReference; fileEncoding = 30; lastKnownFileType = text.plist.xml; path = Info.plist; sourceTree = "<group>"; };
		E1DAFAE407007BA400FAFE2A /* iTunes.scpt */ = {isa = PBXFileReference; fileEncoding = 30; lastKnownFileType = sourcecode.scpt; path = iTunes.scpt; sourceTree = "<group>"; };
		E1DAFAE507007BA400FAFE2A /* iTunesAlbumBrowserIcon.png */ = {isa = PBXFileReference; lastKnownFileType = image.png; path = iTunesAlbumBrowserIcon.png; sourceTree = "<group>"; };
		E1DAFAE607007BA400FAFE2A /* iTunesArtistBrowserIcon.png */ = {isa = PBXFileReference; lastKnownFileType = image.png; path = iTunesArtistBrowserIcon.png; sourceTree = "<group>"; };
		E1DAFAE707007BA400FAFE2A /* iTunesComposerBrowserIcon.png */ = {isa = PBXFileReference; lastKnownFileType = image.png; path = iTunesComposerBrowserIcon.png; sourceTree = "<group>"; };
		E1DAFAE807007BA400FAFE2A /* iTunesGenreBrowserIcon.png */ = {isa = PBXFileReference; lastKnownFileType = image.png; path = iTunesGenreBrowserIcon.png; sourceTree = "<group>"; };
		E1DAFAE907007BA400FAFE2A /* iTunesLibraryPlaylistIcon.icns */ = {isa = PBXFileReference; lastKnownFileType = image.icns; path = iTunesLibraryPlaylistIcon.icns; sourceTree = "<group>"; };
		E1DAFAEB07007BA400FAFE2A /* iTunesPartyShufflePlaylistIcon.icns */ = {isa = PBXFileReference; lastKnownFileType = image.icns; path = iTunesPartyShufflePlaylistIcon.icns; sourceTree = "<group>"; };
		E1DAFAEC07007BA400FAFE2A /* iTunesPlaylistIcon.icns */ = {isa = PBXFileReference; lastKnownFileType = image.icns; path = iTunesPlaylistIcon.icns; sourceTree = "<group>"; };
		E1DAFAED07007BA400FAFE2A /* iTunesPurchasedMusicPlaylistIcon.icns */ = {isa = PBXFileReference; lastKnownFileType = image.icns; path = iTunesPurchasedMusicPlaylistIcon.icns; sourceTree = "<group>"; };
		E1DAFAEE07007BA400FAFE2A /* iTunesQuicksilverPlaylistIcon.icns */ = {isa = PBXFileReference; lastKnownFileType = image.icns; path = iTunesQuicksilverPlaylistIcon.icns; sourceTree = "<group>"; };
		E1DAFAEF07007BA400FAFE2A /* iTunesSmartPlaylistIcon.icns */ = {isa = PBXFileReference; lastKnownFileType = image.icns; path = iTunesSmartPlaylistIcon.icns; sourceTree = "<group>"; };
		E1DAFB2A07007CEA00FAFE2A /* Carbon.framework */ = {isa = PBXFileReference; lastKnownFileType = wrapper.framework; name = Carbon.framework; path = /System/Library/Frameworks/Carbon.framework; sourceTree = "<absolute>"; };
		E1DAFBC207007D0300FAFE2A /* PreferencePanes.framework */ = {isa = PBXFileReference; lastKnownFileType = wrapper.framework; name = PreferencePanes.framework; path = /System/Library/Frameworks/PreferencePanes.framework; sourceTree = "<absolute>"; };
/* End PBXFileReference section */

/* Begin PBXFrameworksBuildPhase section */
		8D1AC96E0486D14A00FE50C9 /* Frameworks */ = {
			isa = PBXFrameworksBuildPhase;
			buildActionMask = 2147483647;
			files = (
				D404BE081472C83200B570AF /* ScriptingBridge.framework in Frameworks */,
				8D1AC9700486D14A00FE50C9 /* Cocoa.framework in Frameworks */,
				E1DAFB2B07007CEA00FAFE2A /* Carbon.framework in Frameworks */,
				E1DAFBC307007D0300FAFE2A /* PreferencePanes.framework in Frameworks */,
			);
			runOnlyForDeploymentPostprocessing = 0;
		};
/* End PBXFrameworksBuildPhase section */

/* Begin PBXGroup section */
		0259C574FE90428111CA0C5A /* iTunes */ = {
			isa = PBXGroup;
			children = (
				7F350DD30D15E8D800B2B814 /* Configuration */,
				7FA20E780C6E4F0F00630971 /* QSiTunesDefines.h */,
				D43DDF4E1472E35D00EB2E9D /* iTunes.app */,
				E1DAFACF07007BA400FAFE2A /* Code */,
				E1DAFAD807007BA400FAFE2A /* Localized */,
				E1DAFAE107007BA400FAFE2A /* Info.plist */,
				E1DAFAE207007BA400FAFE2A /* Resources */,
				1ED78706FE9D4A0611CA0C5A /* Products */,
				2E58F364FFB232C311CA0CBA /* Frameworks */,
			);
			name = iTunes;
			sourceTree = "<group>";
		};
		1ED78706FE9D4A0611CA0C5A /* Products */ = {
			isa = PBXGroup;
			children = (
				8D1AC9740486D14A00FE50C9 /* iTunes Module.qsplugin */,
			);
			name = Products;
			sourceTree = "<group>";
		};
		2E58F364FFB232C311CA0CBA /* Frameworks */ = {
			isa = PBXGroup;
			children = (
				D404BE071472C83200B570AF /* ScriptingBridge.framework */,
				E1DAFBC207007D0300FAFE2A /* PreferencePanes.framework */,
				E1DAFB2A07007CEA00FAFE2A /* Carbon.framework */,
				DD92D38A0106425D02CA0E72 /* Cocoa.framework */,
			);
			name = Frameworks;
			sourceTree = "<group>";
		};
		7F350DD30D15E8D800B2B814 /* Configuration */ = {
			isa = PBXGroup;
			children = (
				7F350DD40D15E8D800B2B814 /* Common.xcconfig */,
				7F350DD50D15E8D800B2B814 /* Debug.xcconfig */,
				7F350DD60D15E8D800B2B814 /* Developer.xcconfig */,
				7F350DDB0D15E8D800B2B814 /* QSPlugIn.xcconfig */,
				7F350DDF0D15E8D800B2B814 /* Release.xcconfig */,
			);
			path = Configuration;
			sourceTree = QS_SOURCE_ROOT;
		};
		E1DAFACF07007BA400FAFE2A /* Code */ = {
			isa = PBXGroup;
			children = (
				E1B9FA0F07A2C76300B4017B /* QSiTunesBridge.h */,
				E1B9FA1007A2C76300B4017B /* QSiTunesBridge.m */,
				E1B9F7ED07A2B21A00B4017B /* QSiTunesActionProvider.h */,
				E1B9F7EE07A2B21A00B4017B /* QSiTunesActionProvider.m */,
				E1B9F7E707A2B18600B4017B /* QSiTunesDatabase.h */,
				E1B9F7E807A2B18600B4017B /* QSiTunesDatabase.m */,
				E1DAFAD407007BA400FAFE2A /* QSiTunesPrefPane.h */,
				E1DAFAD507007BA400FAFE2A /* QSiTunesPrefPane.m */,
				E1DAFAD607007BA400FAFE2A /* QSiTunesSource.h */,
				E1DAFAD707007BA400FAFE2A /* QSiTunesSource.m */,
			);
			path = Code;
			sourceTree = "<group>";
		};
		E1DAFAD807007BA400FAFE2A /* Localized */ = {
			isa = PBXGroup;
			children = (
				E1DAFAD907007BA400FAFE2A /* QSAction.commandFormats.strings */,
				E1DAFADB07007BA400FAFE2A /* QSAction.name.strings */,
				E1DAFADD07007BA400FAFE2A /* Localizable.strings */,
				E1DAFADF07007BA400FAFE2A /* QSPreset.name.strings */,
			);
			name = Localized;
			path = English.lproj;
			sourceTree = "<group>";
		};
		E1DAFAE207007BA400FAFE2A /* Resources */ = {
			isa = PBXGroup;
			children = (
				D41DBC4E1520C11600AB06B1 /* EqualizerIcon.png */,
				D4239675148564800072DE1F /* QSiTunesPrefPane.xib */,
				E1DAFAE407007BA400FAFE2A /* iTunes.scpt */,
				E1DAFAE507007BA400FAFE2A /* iTunesAlbumBrowserIcon.png */,
				E1DAFAE607007BA400FAFE2A /* iTunesArtistBrowserIcon.png */,
				E1DAFAE707007BA400FAFE2A /* iTunesComposerBrowserIcon.png */,
				E1DAFAE807007BA400FAFE2A /* iTunesGenreBrowserIcon.png */,
				E1DAFAE907007BA400FAFE2A /* iTunesLibraryPlaylistIcon.icns */,
				E1DAFAEB07007BA400FAFE2A /* iTunesPartyShufflePlaylistIcon.icns */,
				E1DAFAEC07007BA400FAFE2A /* iTunesPlaylistIcon.icns */,
				E1DAFAED07007BA400FAFE2A /* iTunesPurchasedMusicPlaylistIcon.icns */,
				E1DAFAEE07007BA400FAFE2A /* iTunesQuicksilverPlaylistIcon.icns */,
				E1DAFAEF07007BA400FAFE2A /* iTunesSmartPlaylistIcon.icns */,
				D4CE66811489618C009D2494 /* iTunesStop.icns */,
				D4CE66821489618C009D2494 /* iTunesPrevious.icns */,
				D4CE66831489618C009D2494 /* iTunesPlay-Pause.icns */,
				D4CE66841489618C009D2494 /* iTunesPlay.icns */,
				D4CE66851489618C009D2494 /* iTunesPause.icns */,
				D4CE66861489618C009D2494 /* iTunesNext.icns */,
			);
			path = Resources;
			sourceTree = "<group>";
		};
/* End PBXGroup section */

/* Begin PBXNativeTarget section */
		8D1AC9600486D14A00FE50C9 /* iTunes Module */ = {
			isa = PBXNativeTarget;
			buildConfigurationList = 7F07AE0D085E432600E2AFC4 /* Build configuration list for PBXNativeTarget "iTunes Module" */;
			buildPhases = (
				7F0397FC080E5171001A9FA3 /* ShellScript */,
				8D1AC9660486D14A00FE50C9 /* Resources */,
				8D1AC96A0486D14A00FE50C9 /* Sources */,
				8D1AC96E0486D14A00FE50C9 /* Frameworks */,
				E1022B2806B3475D00299BEC /* ShellScript */,
			);
			buildRules = (
				D404BE091472C87F00B570AF /* PBXBuildRule */,
			);
			dependencies = (
			);
			name = "iTunes Module";
			productInstallPath = "$(HOME)/Developer/Palettes";
			productName = iTunes;
			productReference = 8D1AC9740486D14A00FE50C9 /* iTunes Module.qsplugin */;
			productType = "com.apple.product-type.bundle";
		};
/* End PBXNativeTarget section */

/* Begin PBXProject section */
		0259C573FE90428111CA0C5A /* Project object */ = {
			isa = PBXProject;
			attributes = {
				LastUpgradeCheck = 0420;
			};
			buildConfigurationList = 7F07AE11085E432600E2AFC4 /* Build configuration list for PBXProject "iTunesModule" */;
			compatibilityVersion = "Xcode 3.2";
			developmentRegion = English;
			hasScannedForEncodings = 1;
			knownRegions = (
				en,
			);
			mainGroup = 0259C574FE90428111CA0C5A /* iTunes */;
			projectDirPath = "";
			projectRoot = "";
			targets = (
				8D1AC9600486D14A00FE50C9 /* iTunes Module */,
			);
		};
/* End PBXProject section */

/* Begin PBXResourcesBuildPhase section */
		8D1AC9660486D14A00FE50C9 /* Resources */ = {
			isa = PBXResourcesBuildPhase;
			buildActionMask = 2147483647;
			files = (
				E1DAFAFA07007BA400FAFE2A /* QSAction.commandFormats.strings in Resources */,
				E1DAFAFB07007BA400FAFE2A /* QSAction.name.strings in Resources */,
				E1DAFAFC07007BA500FAFE2A /* Localizable.strings in Resources */,
				E1DAFB0007007BA500FAFE2A /* iTunes.scpt in Resources */,
				E1DAFB0107007BA500FAFE2A /* iTunesAlbumBrowserIcon.png in Resources */,
				E1DAFB0207007BA500FAFE2A /* iTunesArtistBrowserIcon.png in Resources */,
				E1DAFB0307007BA500FAFE2A /* iTunesComposerBrowserIcon.png in Resources */,
				E1DAFB0407007BA500FAFE2A /* iTunesGenreBrowserIcon.png in Resources */,
				E1DAFB0507007BA500FAFE2A /* iTunesLibraryPlaylistIcon.icns in Resources */,
				E1DAFB0707007BA500FAFE2A /* iTunesPartyShufflePlaylistIcon.icns in Resources */,
				E1DAFB0807007BA500FAFE2A /* iTunesPlaylistIcon.icns in Resources */,
				E1DAFB0907007BA500FAFE2A /* iTunesPurchasedMusicPlaylistIcon.icns in Resources */,
				E1DAFB0A07007BA500FAFE2A /* iTunesQuicksilverPlaylistIcon.icns in Resources */,
				E1DAFB0B07007BA500FAFE2A /* iTunesSmartPlaylistIcon.icns in Resources */,
				E128E0EB070348F100B34075 /* QSPreset.name.strings in Resources */,
				E1B9F7E907A2B18600B4017B /* QSiTunesDatabase.h in Resources */,
				E1B9F7EF07A2B21A00B4017B /* QSiTunesActionProvider.h in Resources */,
				E1B9FA1107A2C76300B4017B /* QSiTunesBridge.h in Resources */,
				D43DDF4F1472E35D00EB2E9D /* iTunes.app in Resources */,
				D4239676148564800072DE1F /* QSiTunesPrefPane.xib in Resources */,
				D4CE66871489618C009D2494 /* iTunesStop.icns in Resources */,
				D4CE66881489618C009D2494 /* iTunesPrevious.icns in Resources */,
				D4CE66891489618C009D2494 /* iTunesPlay-Pause.icns in Resources */,
				D4CE668A1489618C009D2494 /* iTunesPlay.icns in Resources */,
				D4CE668B1489618C009D2494 /* iTunesPause.icns in Resources */,
				D4CE668C1489618C009D2494 /* iTunesNext.icns in Resources */,
				D41DBC4F1520C11600AB06B1 /* EqualizerIcon.png in Resources */,
			);
			runOnlyForDeploymentPostprocessing = 0;
		};
/* End PBXResourcesBuildPhase section */

/* Begin PBXShellScriptBuildPhase section */
		7F0397FC080E5171001A9FA3 /* ShellScript */ = {
			isa = PBXShellScriptBuildPhase;
			buildActionMask = 2147483647;
			files = (
			);
			inputPaths = (
			);
			outputPaths = (
			);
			runOnlyForDeploymentPostprocessing = 0;
			shellPath = /bin/sh;
			shellScript = "rm -f \"$SRCROOT/Resources/iTunes.scpt\"\n/usr/bin/osacompile -x -d -o \"$SRCROOT/Resources/iTunes.scpt\" \"$SRCROOT/Resources/iTunes.original.scpt\"";
		};
		E1022B2806B3475D00299BEC /* ShellScript */ = {
			isa = PBXShellScriptBuildPhase;
			buildActionMask = 2147483647;
			files = (
			);
			inputPaths = (
			);
			outputPaths = (
			);
			runOnlyForDeploymentPostprocessing = 0;
			shellPath = /bin/sh;
			shellScript = "\"$SRCROOT/bltrversion\" \"$INFOPLIST_FILE\"";
		};
/* End PBXShellScriptBuildPhase section */

/* Begin PBXSourcesBuildPhase section */
		8D1AC96A0486D14A00FE50C9 /* Sources */ = {
			isa = PBXSourcesBuildPhase;
			buildActionMask = 2147483647;
			files = (
				D43DDF551472E60600EB2E9D /* iTunes.app in Sources */,
				E1DAFAF707007BA400FAFE2A /* QSiTunesPrefPane.m in Sources */,
				E1DAFAF907007BA400FAFE2A /* QSiTunesSource.m in Sources */,
				E1B9F7EA07A2B18600B4017B /* QSiTunesDatabase.m in Sources */,
				E1B9F7F007A2B21A00B4017B /* QSiTunesActionProvider.m in Sources */,
				E1B9FA1207A2C76300B4017B /* QSiTunesBridge.m in Sources */,
			);
			runOnlyForDeploymentPostprocessing = 0;
		};
/* End PBXSourcesBuildPhase section */

/* Begin PBXVariantGroup section */
		E1DAFAD907007BA400FAFE2A /* QSAction.commandFormats.strings */ = {
			isa = PBXVariantGroup;
			children = (
				E1DAFADA07007BA400FAFE2A /* English */,
			);
			name = QSAction.commandFormats.strings;
			sourceTree = "<group>";
		};
		E1DAFADB07007BA400FAFE2A /* QSAction.name.strings */ = {
			isa = PBXVariantGroup;
			children = (
				E1DAFADC07007BA400FAFE2A /* English */,
			);
			name = QSAction.name.strings;
			sourceTree = "<group>";
		};
		E1DAFADD07007BA400FAFE2A /* Localizable.strings */ = {
			isa = PBXVariantGroup;
			children = (
				E1DAFADE07007BA400FAFE2A /* English */,
			);
			name = Localizable.strings;
			sourceTree = "<group>";
		};
		E1DAFADF07007BA400FAFE2A /* QSPreset.name.strings */ = {
			isa = PBXVariantGroup;
			children = (
				E1DAFAE007007BA400FAFE2A /* English */,
			);
			name = QSPreset.name.strings;
			sourceTree = "<group>";
		};
/* End PBXVariantGroup section */

/* Begin XCBuildConfiguration section */
		7F07AE0F085E432600E2AFC4 /* Release */ = {
			isa = XCBuildConfiguration;
			baseConfigurationReference = 7F350DDB0D15E8D800B2B814 /* QSPlugIn.xcconfig */;
			buildSettings = {
				COPYING_PRESERVES_HFS_DATA = YES;
				FRAMEWORK_SEARCH_PATHS = (
					"$(QSFrameworks)",
					/System/Library/PrivateFrameworks,
					"~/Library/Frameworks",
					"$(BUILT_PRODUCTS_DIR)",
				);
				PRODUCT_NAME = "iTunes Module";
			};
			name = Release;
		};
		7F07AE13085E432600E2AFC4 /* Release */ = {
			isa = XCBuildConfiguration;
			baseConfigurationReference = 7F350DDF0D15E8D800B2B814 /* Release.xcconfig */;
			buildSettings = {
			};
			name = Release;
		};
		7FE2FB5F0C55A34E009CCF17 /* Debug */ = {
			isa = XCBuildConfiguration;
			baseConfigurationReference = 7F350DD50D15E8D800B2B814 /* Debug.xcconfig */;
			buildSettings = {
			};
			name = Debug;
		};
		7FE2FB600C55A34E009CCF17 /* Debug */ = {
			isa = XCBuildConfiguration;
			baseConfigurationReference = 7F350DDB0D15E8D800B2B814 /* QSPlugIn.xcconfig */;
			buildSettings = {
				COPYING_PRESERVES_HFS_DATA = YES;
				FRAMEWORK_SEARCH_PATHS = (
					"$(QSFrameworks)",
					/System/Library/PrivateFrameworks,
					"~/Library/Frameworks",
					"$(BUILT_PRODUCTS_DIR)",
				);
				PRODUCT_NAME = "iTunes Module";
			};
			name = Debug;
		};
/* End XCBuildConfiguration section */

/* Begin XCConfigurationList section */
		7F07AE0D085E432600E2AFC4 /* Build configuration list for PBXNativeTarget "iTunes Module" */ = {
			isa = XCConfigurationList;
			buildConfigurations = (
				7F07AE0F085E432600E2AFC4 /* Release */,
				7FE2FB600C55A34E009CCF17 /* Debug */,
			);
			defaultConfigurationIsVisible = 0;
			defaultConfigurationName = Release;
		};
		7F07AE11085E432600E2AFC4 /* Build configuration list for PBXProject "iTunesModule" */ = {
			isa = XCConfigurationList;
			buildConfigurations = (
				7F07AE13085E432600E2AFC4 /* Release */,
				7FE2FB5F0C55A34E009CCF17 /* Debug */,
			);
			defaultConfigurationIsVisible = 0;
			defaultConfigurationName = Release;
		};
/* End XCConfigurationList section */
	};
	rootObject = 0259C573FE90428111CA0C5A /* Project object */;
}
